# THIS IS AN AUTOGENERATED FILE. DO NOT EDIT THIS FILE DIRECTLY.
# yarn lockfile v1


"@babel/runtime@^7.17.2":
  version "7.17.7"
  resolved "https://registry.yarnpkg.com/@babel/runtime/-/runtime-7.17.7.tgz#a5f3328dc41ff39d803f311cfe17703418cf9825"
  integrity sha512-L6rvG9GDxaLgFjg41K+5Yv9OMrU98sWe+Ykmc6FDJW/+vYZMhdOMKkISgzptMaERHvS2Y2lw9MDRm2gHhlQQoA==
  dependencies:
    regenerator-runtime "^0.13.4"

"@noble/hashes@1.0.0":
  version "1.0.0"
  resolved "https://registry.yarnpkg.com/@noble/hashes/-/hashes-1.0.0.tgz#d5e38bfbdaba174805a4e649f13be9a9ed3351ae"
  integrity sha512-DZVbtY62kc3kkBtMHqwCOfXrT/hnoORy5BJ4+HU1IR59X0KWAOqsfzQPcUl/lQLlG7qXbe/fZ3r/emxtAl+sqg==

"@noble/secp256k1@1.5.5":
  version "1.5.5"
  resolved "https://registry.yarnpkg.com/@noble/secp256k1/-/secp256k1-1.5.5.tgz#315ab5745509d1a8c8e90d0bdf59823ccf9bcfc3"
  integrity sha512-sZ1W6gQzYnu45wPrWx8D3kwI2/U29VYTx9OjbDAd7jwRItJ0cSTMPRL/C8AWZFn9kWFLQGqEXVEE86w4Z8LpIQ==

"@polkadot/api-augment@7.12.1":
  version "7.12.1"
  resolved "https://registry.yarnpkg.com/@polkadot/api-augment/-/api-augment-7.12.1.tgz#620293293ca784764a4dfc3c0697843c3a6fa874"
  integrity sha512-/SFrV4+VNLYZlfoQ80UVOQWeen/YOmWNeuyVa+KaywyTowLLZ4X1MWXB3Dwtk/aQYCbwxm82+R8IJun2zl6mVw==
  dependencies:
    "@babel/runtime" "^7.17.2"
    "@polkadot/api-base" "7.12.1"
    "@polkadot/rpc-augment" "7.12.1"
    "@polkadot/types" "7.12.1"
    "@polkadot/types-augment" "7.12.1"
    "@polkadot/types-codec" "7.12.1"
    "@polkadot/util" "^8.5.1"

"@polkadot/api-base@7.12.1":
  version "7.12.1"
  resolved "https://registry.yarnpkg.com/@polkadot/api-base/-/api-base-7.12.1.tgz#c7ee182e065939ba6a02818ebe860edcc6f93068"
  integrity sha512-AhBnYOtImoaaUoCI6srbnwQ4vn1fSbOSCfpzkLLEJi+KMuNO9vfZU3O8ob8MdY2Y3V7kGQMPWulGGaCqOcDepQ==
  dependencies:
    "@babel/runtime" "^7.17.2"
    "@polkadot/rpc-core" "7.12.1"
    "@polkadot/types" "7.12.1"
    "@polkadot/util" "^8.5.1"
    rxjs "^7.5.5"

"@polkadot/api-derive@7.12.1":
  version "7.12.1"
  resolved "https://registry.yarnpkg.com/@polkadot/api-derive/-/api-derive-7.12.1.tgz#67bb62866ac161d1befae5cd2a39d63c6578ad3f"
  integrity sha512-MePzdiicdvfhd8Y+9xQXlfo/imU/7dxc2hBu8Iy33f8VnImJJTXMvcK84MKDxZraQ3k93rj2XAv1VYM1eh1R2w==
  dependencies:
    "@babel/runtime" "^7.17.2"
    "@polkadot/api" "7.12.1"
    "@polkadot/api-augment" "7.12.1"
    "@polkadot/api-base" "7.12.1"
    "@polkadot/rpc-core" "7.12.1"
    "@polkadot/types" "7.12.1"
    "@polkadot/types-codec" "7.12.1"
    "@polkadot/util" "^8.5.1"
    "@polkadot/util-crypto" "^8.5.1"
    rxjs "^7.5.5"

"@polkadot/api@7.12.1", "@polkadot/api@^7.7.1":
  version "7.12.1"
  resolved "https://registry.yarnpkg.com/@polkadot/api/-/api-7.12.1.tgz#763104212fb92fe9afe6745aaa5bf5a49ad61ac3"
  integrity sha512-kA6o9ZdRsJ9Iis+PyZN8sayrioJmgf8r5cAqnjoCmA+cb9h+FcqLoHe4kojA6uQMsX2PnsunX2nVuFaZSstoSg==
  dependencies:
    "@babel/runtime" "^7.17.2"
    "@polkadot/api-augment" "7.12.1"
    "@polkadot/api-base" "7.12.1"
    "@polkadot/api-derive" "7.12.1"
    "@polkadot/keyring" "^8.5.1"
    "@polkadot/rpc-augment" "7.12.1"
    "@polkadot/rpc-core" "7.12.1"
    "@polkadot/rpc-provider" "7.12.1"
    "@polkadot/types" "7.12.1"
    "@polkadot/types-augment" "7.12.1"
    "@polkadot/types-codec" "7.12.1"
    "@polkadot/types-create" "7.12.1"
    "@polkadot/types-known" "7.12.1"
    "@polkadot/util" "^8.5.1"
    "@polkadot/util-crypto" "^8.5.1"
    eventemitter3 "^4.0.7"
    rxjs "^7.5.5"

"@polkadot/keyring@^8.3.3", "@polkadot/keyring@^8.5.1":
  version "8.5.1"
  resolved "https://registry.yarnpkg.com/@polkadot/keyring/-/keyring-8.5.1.tgz#2c8907341302016a1f3d8e5d0f7d01e4d35b3575"
  integrity sha512-ivJ/pEfu9Pu78h3Gldf3p5odXr5weAbwcz22VyjmTpege1bIHmw4HdYC0lOZznTDAIGUMk7IoswHYmvZWTHgNA==
  dependencies:
    "@babel/runtime" "^7.17.2"
    "@polkadot/util" "8.5.1"
    "@polkadot/util-crypto" "8.5.1"

"@polkadot/networks@8.5.1", "@polkadot/networks@^8.5.1":
  version "8.5.1"
  resolved "https://registry.yarnpkg.com/@polkadot/networks/-/networks-8.5.1.tgz#63c165c185757a73de48ce0db75ccaa2e2ddf85b"
  integrity sha512-gPfOhP2SrJTOywmdq2IYgxxq/W90wePG+A+xqNvvP7briPGty7+yXmaIJk7HowZChnerOeQ2z0gunbXiacVHFA==
  dependencies:
    "@babel/runtime" "^7.17.2"
    "@polkadot/util" "8.5.1"
    "@substrate/ss58-registry" "^1.16.0"

"@polkadot/rpc-augment@7.12.1":
  version "7.12.1"
  resolved "https://registry.yarnpkg.com/@polkadot/rpc-augment/-/rpc-augment-7.12.1.tgz#ae6208156f337e8bc6b6ede6b3cc989eb9ca2d32"
  integrity sha512-2Gr4dkM5ZGrv5J5LKwK0vX7V6i/WTdvJzNs1BwDY+RMLwOFp8eStRyPuCJNgdBF7xkeXR9BKoaU0cqB1xmK+Gg==
  dependencies:
    "@babel/runtime" "^7.17.2"
    "@polkadot/rpc-core" "7.12.1"
    "@polkadot/types" "7.12.1"
    "@polkadot/types-codec" "7.12.1"
    "@polkadot/util" "^8.5.1"

"@polkadot/rpc-core@7.12.1":
  version "7.12.1"
  resolved "https://registry.yarnpkg.com/@polkadot/rpc-core/-/rpc-core-7.12.1.tgz#daf329ee9f1c152c177ea0c347519d3e2bb4fb27"
  integrity sha512-qL2+5MHjBjMETPr8tLmiIykfSyooBYZ8bBwJ4j9OEENd+e6F8k0KnEuoeyA826CU20cUDydP9YdqOR2CP2fSww==
  dependencies:
    "@babel/runtime" "^7.17.2"
    "@polkadot/rpc-augment" "7.12.1"
    "@polkadot/rpc-provider" "7.12.1"
    "@polkadot/types" "7.12.1"
    "@polkadot/util" "^8.5.1"
    rxjs "^7.5.5"

"@polkadot/rpc-provider@7.12.1":
  version "7.12.1"
  resolved "https://registry.yarnpkg.com/@polkadot/rpc-provider/-/rpc-provider-7.12.1.tgz#f93c5e22098e7d0391f3087e79ae1d062a60c43f"
  integrity sha512-gMvlbqq3xXg54CVoMdiugvrwLNnUI5QhO/YIWv6vOnpc8AOs+JVYgdPaBTNleHiyV7Lw6sVQJno0QH8vx8xjIg==
  dependencies:
    "@babel/runtime" "^7.17.2"
    "@polkadot/keyring" "^8.5.1"
    "@polkadot/types" "7.12.1"
    "@polkadot/types-support" "7.12.1"
    "@polkadot/util" "^8.5.1"
    "@polkadot/util-crypto" "^8.5.1"
    "@polkadot/x-fetch" "^8.5.1"
    "@polkadot/x-global" "^8.5.1"
    "@polkadot/x-ws" "^8.5.1"
    eventemitter3 "^4.0.7"
    mock-socket "^9.1.2"
    nock "^13.2.4"

"@polkadot/types-augment@7.12.1":
  version "7.12.1"
  resolved "https://registry.yarnpkg.com/@polkadot/types-augment/-/types-augment-7.12.1.tgz#a3b1a5abbebbb166e407427a8eb47132d4a8effb"
  integrity sha512-giQao8jm2M9HufRT3H4r1a2C76G3HEKxJAfVaMLL4tcV0BqbkpBG/I2V8Bc6cDaSsgfxizSE4+UzsDZwelEH3w==
  dependencies:
    "@babel/runtime" "^7.17.2"
    "@polkadot/types" "7.12.1"
    "@polkadot/types-codec" "7.12.1"
    "@polkadot/util" "^8.5.1"

"@polkadot/types-codec@7.12.1":
  version "7.12.1"
  resolved "https://registry.yarnpkg.com/@polkadot/types-codec/-/types-codec-7.12.1.tgz#67cbd77084e8cef100c51d6ff2c16ff4bec19f6d"
  integrity sha512-v7/vnrQuYxsou7ck+N0Cc7b+fqawCbvf3kJbU6tcJMvh745abnfF6gP+yt/fhDT4jkDufBNPagtrY7+z5e56Ew==
  dependencies:
    "@babel/runtime" "^7.17.2"
    "@polkadot/util" "^8.5.1"

"@polkadot/types-create@7.12.1":
  version "7.12.1"
  resolved "https://registry.yarnpkg.com/@polkadot/types-create/-/types-create-7.12.1.tgz#e1f9f8dc800e41d21b84b9cb43ba3882a13b613f"
  integrity sha512-p7dWBV2vJX9H/CPkgS3nkVit4rZJs2WJGzwBUtYy5fK07Iu1FvIGKSd4/bJVEuJwqmFlElliADjg5qlbiv3KOg==
  dependencies:
    "@babel/runtime" "^7.17.2"
    "@polkadot/types-codec" "7.12.1"
    "@polkadot/util" "^8.5.1"

"@polkadot/types-known@7.12.1":
  version "7.12.1"
  resolved "https://registry.yarnpkg.com/@polkadot/types-known/-/types-known-7.12.1.tgz#63caaf9f143a563af8b58131f5e13276850f5987"
  integrity sha512-y+hu/qrE874WI0tNXIge7SX6kIC2sfhGWSWU0uyrA8khc7ByR9ENwAzxkJD3zht2taZZCM+ucVVH9ogpJZKCTg==
  dependencies:
    "@babel/runtime" "^7.17.2"
    "@polkadot/networks" "^8.5.1"
    "@polkadot/types" "7.12.1"
    "@polkadot/types-codec" "7.12.1"
    "@polkadot/types-create" "7.12.1"
    "@polkadot/util" "^8.5.1"

"@polkadot/types-support@7.12.1":
  version "7.12.1"
  resolved "https://registry.yarnpkg.com/@polkadot/types-support/-/types-support-7.12.1.tgz#d7d0d78bc7090e45f23af866f0499f580ac4f914"
  integrity sha512-dlTRXJmBWIcRi3wryvaqPxGBv9vDfu+vWeyQF93CMRdCuBwKB25jeoh2n2xCMZ9c0TbziJzE+Qg2oGoKK2Dzeg==
  dependencies:
    "@babel/runtime" "^7.17.2"
    "@polkadot/util" "^8.5.1"

"@polkadot/types@7.12.1", "@polkadot/types@^7.7.1":
  version "7.12.1"
  resolved "https://registry.yarnpkg.com/@polkadot/types/-/types-7.12.1.tgz#242ab3e8ad19128126d67fe462b30d243c810531"
  integrity sha512-GMqVTXCN6oCJnyAz7NwABez+I42luNyMMbIzIwrYD3XlMsQnnPc2GkhCLjeLf/0InTx/xij+C7z2zma4hYQZtQ==
  dependencies:
    "@babel/runtime" "^7.17.2"
    "@polkadot/keyring" "^8.5.1"
    "@polkadot/types-augment" "7.12.1"
    "@polkadot/types-codec" "7.12.1"
    "@polkadot/types-create" "7.12.1"
    "@polkadot/util" "^8.5.1"
    "@polkadot/util-crypto" "^8.5.1"
    rxjs "^7.5.5"

"@polkadot/util-crypto@8.5.1", "@polkadot/util-crypto@^8.3.3", "@polkadot/util-crypto@^8.5.1":
  version "8.5.1"
  resolved "https://registry.yarnpkg.com/@polkadot/util-crypto/-/util-crypto-8.5.1.tgz#e2d36c079a69d5b37b6ac6965ede6202bded7a56"
  integrity sha512-/+4Cwcd4vlIzvIVFXfNjNeoLWw4wSZY58OiXlq8apISrJly63u8KCa8DwV9SxxgMBU0xzpWi/4W1m7hihGh8RQ==
  dependencies:
    "@babel/runtime" "^7.17.2"
    "@noble/hashes" "1.0.0"
    "@noble/secp256k1" "1.5.5"
    "@polkadot/networks" "8.5.1"
    "@polkadot/util" "8.5.1"
    "@polkadot/wasm-crypto" "^4.6.1"
    "@polkadot/x-bigint" "8.5.1"
    "@polkadot/x-randomvalues" "8.5.1"
    "@scure/base" "1.0.0"
    ed2curve "^0.3.0"
    tweetnacl "^1.0.3"

"@polkadot/util@8.5.1", "@polkadot/util@^8.3.3", "@polkadot/util@^8.5.1":
  version "8.5.1"
  resolved "https://registry.yarnpkg.com/@polkadot/util/-/util-8.5.1.tgz#49c4775fcdf711cce2464110aae7df8bf5a891b8"
  integrity sha512-B+W3VdLo4ignLZXRTA/gAF7TwFe+kgW6XTt+BBWJL9dcjGVU66aL8xjTbohUNUtwlaD2p5kua6jJqTJC/3u3hQ==
  dependencies:
    "@babel/runtime" "^7.17.2"
    "@polkadot/x-bigint" "8.5.1"
    "@polkadot/x-global" "8.5.1"
    "@polkadot/x-textdecoder" "8.5.1"
    "@polkadot/x-textencoder" "8.5.1"
    "@types/bn.js" "^5.1.0"
    bn.js "^5.2.0"
    ip-regex "^4.3.0"

"@polkadot/wasm-crypto-asmjs@^4.6.1":
  version "4.6.1"
  resolved "https://registry.yarnpkg.com/@polkadot/wasm-crypto-asmjs/-/wasm-crypto-asmjs-4.6.1.tgz#4f4a5adcf8dce65666eaa0fb16b6ff7b0243aead"
  integrity sha512-1oHQjz2oEO1kCIcQniOP+dZ9N2YXf2yCLHLsKaKSvfXiWaetVCaBNB8oIHIVYvuLnVc8qlMi66O6xc1UublHsw==
  dependencies:
    "@babel/runtime" "^7.17.2"

"@polkadot/wasm-crypto-wasm@^4.6.1":
  version "4.6.1"
  resolved "https://registry.yarnpkg.com/@polkadot/wasm-crypto-wasm/-/wasm-crypto-wasm-4.6.1.tgz#882d8199e216966c612f56a18e31f6aaae77e7eb"
  integrity sha512-NI3JVwmLjrSYpSVuhu0yeQYSlsZrdpK41UC48sY3kyxXC71pi6OVePbtHS1K3xh3FFmDd9srSchExi3IwzKzMw==
  dependencies:
    "@babel/runtime" "^7.17.2"

"@polkadot/wasm-crypto@^4.6.1":
  version "4.6.1"
  resolved "https://registry.yarnpkg.com/@polkadot/wasm-crypto/-/wasm-crypto-4.6.1.tgz#12f8481e6f9021928435168beb0697d57ff573e9"
  integrity sha512-2wEftBDxDG+TN8Ah6ogtvzjdZdcF0mAjU4UNNOfpmkBCxQYZOrAHB8HXhzo3noSsKkLX7PDX57NxvJ9OhoTAjw==
  dependencies:
    "@babel/runtime" "^7.17.2"
    "@polkadot/wasm-crypto-asmjs" "^4.6.1"
    "@polkadot/wasm-crypto-wasm" "^4.6.1"

"@polkadot/x-bigint@8.5.1":
  version "8.5.1"
  resolved "https://registry.yarnpkg.com/@polkadot/x-bigint/-/x-bigint-8.5.1.tgz#5f432726e490e81c044964e545a2693e6cb2cca8"
  integrity sha512-6HaINISJYIf2t9FFnUh6aFC5/Zf8wifcuHpMQGTlfXGeK7egmTmkVE9fjkoDOOSt6jbJ+jvlPcWcPh9WdY4tkg==
  dependencies:
    "@babel/runtime" "^7.17.2"
    "@polkadot/x-global" "8.5.1"

"@polkadot/x-fetch@^8.5.1":
  version "8.5.1"
  resolved "https://registry.yarnpkg.com/@polkadot/x-fetch/-/x-fetch-8.5.1.tgz#00bb74ad78d7f8b39c717c9d0ee828d0e98af566"
  integrity sha512-c3VytuvXPm5NLOCF6TTm8avJ6jO8nmyrmVR4IQlq1hhQM556bbAv1+/PSnzwO6Rhr8KWu6TdsTIbl+wyky96Jw==
  dependencies:
    "@babel/runtime" "^7.17.2"
    "@polkadot/x-global" "8.5.1"
    "@types/node-fetch" "^2.6.1"
    node-fetch "^2.6.7"

"@polkadot/x-global@8.5.1", "@polkadot/x-global@^8.5.1":
  version "8.5.1"
  resolved "https://registry.yarnpkg.com/@polkadot/x-global/-/x-global-8.5.1.tgz#752a055598ba83e49ce3c5a2b2477faff7ede29f"
  integrity sha512-fjKivdI0fOrT86YyLZJHGFkAZSo7ZyrAos2CoJ/DPhSNYOYg6wwaqLloodDBx5awpt0383jns97MOPdkFu3n6A==
  dependencies:
    "@babel/runtime" "^7.17.2"

"@polkadot/x-randomvalues@8.5.1":
  version "8.5.1"
  resolved "https://registry.yarnpkg.com/@polkadot/x-randomvalues/-/x-randomvalues-8.5.1.tgz#85cfc10355a0a00364418523430780a5aac01aac"
  integrity sha512-4FRCiieOcHEsWoO95NpPLm/6bjyalYylPyKuMw16cEOTrbtGzYi9mYW34gLyR5vy08ZDOBBM5b1zRzmzAL7yQg==
  dependencies:
    "@babel/runtime" "^7.17.2"
    "@polkadot/x-global" "8.5.1"

"@polkadot/x-textdecoder@8.5.1":
  version "8.5.1"
  resolved "https://registry.yarnpkg.com/@polkadot/x-textdecoder/-/x-textdecoder-8.5.1.tgz#f3a199ef6703f60daac63309d9b4641c5fbb6ab7"
  integrity sha512-UVGMy8bibZDaF9BadwsNOHExHDyDp+f7chqqLEMVdu48l+gTqFmtqhGhegYz2ft23JBHIO0t93MYa8R3RwEEwA==
  dependencies:
    "@babel/runtime" "^7.17.2"
    "@polkadot/x-global" "8.5.1"

"@polkadot/x-textencoder@8.5.1":
  version "8.5.1"
  resolved "https://registry.yarnpkg.com/@polkadot/x-textencoder/-/x-textencoder-8.5.1.tgz#db79ce35496dac4a4a4d4bfe1e9a92eb64a9fe0d"
  integrity sha512-c2ZD7mHxrz8rE87eF78QfN7d1IFcHsu4aRTuja/oXMf1MEebChP/XmjHUGog/Ib5W6Hn4+Bm8at2DTgxjYfROg==
  dependencies:
    "@babel/runtime" "^7.17.2"
    "@polkadot/x-global" "8.5.1"

"@polkadot/x-ws@^8.5.1":
  version "8.5.1"
  resolved "https://registry.yarnpkg.com/@polkadot/x-ws/-/x-ws-8.5.1.tgz#f7708c36c1fd375622dbca6493eff9ad1c6f978b"
  integrity sha512-61TT3dMt9J0JihaprZo/8Lr75qIGr0A/TKuflCBnHw24kRbaamnCYUAtyJC1uL3X50LDqtGRybvpKPGOnzl5sQ==
  dependencies:
    "@babel/runtime" "^7.17.2"
    "@polkadot/x-global" "8.5.1"
    "@types/websocket" "^1.0.5"
    websocket "^1.0.34"

"@scure/base@1.0.0":
  version "1.0.0"
  resolved "https://registry.yarnpkg.com/@scure/base/-/base-1.0.0.tgz#109fb595021de285f05a7db6806f2f48296fcee7"
  integrity sha512-gIVaYhUsy+9s58m/ETjSJVKHhKTBMmcRb9cEV5/5dwvfDlfORjKrFsDeDHWRrm6RjcPvCLZFwGJjAjLj1gg4HA==

"@substrate/ss58-registry@^1.16.0":
  version "1.16.0"
  resolved "https://registry.yarnpkg.com/@substrate/ss58-registry/-/ss58-registry-1.16.0.tgz#100d174f38999cfba34ca02b812257a75c3fe952"
  integrity sha512-z88145A9NE0mnDbIYRP1SlHndDtm6Jd1cRnG2InRCA/M7UprFRc0zrtaTWj1KBHfcVc2uYUMggGXuenQPBQ8yQ==

"@types/bn.js@^5.1.0":
  version "5.1.0"
  resolved "https://registry.yarnpkg.com/@types/bn.js/-/bn.js-5.1.0.tgz#32c5d271503a12653c62cf4d2b45e6eab8cebc68"
  integrity sha512-QSSVYj7pYFN49kW77o2s9xTCwZ8F2xLbjLLSEVh8D2F4JUhZtPAGOFLTD+ffqksBx/u4cE/KImFjyhqCjn/LIA==
  dependencies:
    "@types/node" "*"

"@types/node-fetch@^2.6.1":
  version "2.6.1"
  resolved "https://registry.yarnpkg.com/@types/node-fetch/-/node-fetch-2.6.1.tgz#8f127c50481db65886800ef496f20bbf15518975"
  integrity sha512-oMqjURCaxoSIsHSr1E47QHzbmzNR5rK8McHuNb11BOM9cHcIK3Avy0s/b2JlXHoQGTYS3NsvWzV1M0iK7l0wbA==
  dependencies:
    "@types/node" "*"
    form-data "^3.0.0"

"@types/node@*":
  version "17.0.8"
  resolved "https://registry.yarnpkg.com/@types/node/-/node-17.0.8.tgz#50d680c8a8a78fe30abe6906453b21ad8ab0ad7b"
  integrity sha512-YofkM6fGv4gDJq78g4j0mMuGMkZVxZDgtU0JRdx6FgiJDG+0fY0GKVolOV8WqVmEhLCXkQRjwDdKyPxJp/uucg==

"@types/websocket@^1.0.5":
  version "1.0.5"
  resolved "https://registry.yarnpkg.com/@types/websocket/-/websocket-1.0.5.tgz#3fb80ed8e07f88e51961211cd3682a3a4a81569c"
  integrity sha512-NbsqiNX9CnEfC1Z0Vf4mE1SgAJ07JnRYcNex7AJ9zAVzmiGHmjKFEk7O4TJIsgv2B1sLEb6owKFZrACwdYngsQ==
  dependencies:
    "@types/node" "*"

asynckit@^0.4.0:
  version "0.4.0"
  resolved "https://registry.yarnpkg.com/asynckit/-/asynckit-0.4.0.tgz#c79ed97f7f34cb8f2ba1bc9790bcc366474b4b79"
  integrity sha1-x57Zf380y48robyXkLzDZkdLS3k=

bn.js@^5.2.0:
  version "5.2.0"
  resolved "https://registry.yarnpkg.com/bn.js/-/bn.js-5.2.0.tgz#358860674396c6997771a9d051fcc1b57d4ae002"
  integrity sha512-D7iWRBvnZE8ecXiLj/9wbxH7Tk79fAh8IHaTNq1RWRixsS02W+5qS+iE9yq6RYl0asXx5tw0bLhmT5pIfbSquw==

bufferutil@^4.0.1:
  version "4.0.6"
  resolved "https://registry.yarnpkg.com/bufferutil/-/bufferutil-4.0.6.tgz#ebd6c67c7922a0e902f053e5d8be5ec850e48433"
  integrity sha512-jduaYOYtnio4aIAyc6UbvPCVcgq7nYpVnucyxr6eCYg/Woad9Hf/oxxBRDnGGjPfjUm6j5O/uBWhIu4iLebFaw==
  dependencies:
    node-gyp-build "^4.3.0"

combined-stream@^1.0.8:
  version "1.0.8"
  resolved "https://registry.yarnpkg.com/combined-stream/-/combined-stream-1.0.8.tgz#c3d45a8b34fd730631a110a8a2520682b31d5a7f"
  integrity sha512-FQN4MRfuJeHf7cBbBMJFXhKSDq+2kAArBlmRBvcvFE5BB1HZKXtSFASDhdlz9zOYwxh8lDdnvmMOe/+5cdoEdg==
  dependencies:
    delayed-stream "~1.0.0"

d@1, d@^1.0.1:
  version "1.0.1"
  resolved "https://registry.yarnpkg.com/d/-/d-1.0.1.tgz#8698095372d58dbee346ffd0c7093f99f8f9eb5a"
  integrity sha512-m62ShEObQ39CfralilEQRjH6oAMtNCV1xJyEx5LpRYUVN+EviphDgUc/F3hnYbADmkiNs67Y+3ylmlG7Lnu+FA==
  dependencies:
    es5-ext "^0.10.50"
    type "^1.0.1"

debug@^2.2.0:
  version "2.6.9"
  resolved "https://registry.yarnpkg.com/debug/-/debug-2.6.9.tgz#5d128515df134ff327e90a4c93f4e077a536341f"
  integrity sha512-bC7ElrdJaJnPbAP+1EotYvqZsb3ecl5wi6Bfi6BJTUcNowp6cvspg0jXznRTKDjm/E7AdgFBVeAPVMNcKGsHMA==
  dependencies:
    ms "2.0.0"

debug@^4.1.0:
  version "4.3.3"
  resolved "https://registry.yarnpkg.com/debug/-/debug-4.3.3.tgz#04266e0b70a98d4462e6e288e38259213332b664"
  integrity sha512-/zxw5+vh1Tfv+4Qn7a5nsbcJKPaSvCDhojn6FEl9vupwK2VCSDtEiEtqr8DFtzYFOdz63LBkxec7DYuc2jon6Q==
  dependencies:
    ms "2.1.2"

delayed-stream@~1.0.0:
  version "1.0.0"
  resolved "https://registry.yarnpkg.com/delayed-stream/-/delayed-stream-1.0.0.tgz#df3ae199acadfb7d440aaae0b29e2272b24ec619"
  integrity sha1-3zrhmayt+31ECqrgsp4icrJOxhk=

ed2curve@^0.3.0:
  version "0.3.0"
  resolved "https://registry.yarnpkg.com/ed2curve/-/ed2curve-0.3.0.tgz#322b575152a45305429d546b071823a93129a05d"
  integrity sha512-8w2fmmq3hv9rCrcI7g9hms2pMunQr1JINfcjwR9tAyZqhtyaMN991lF/ZfHfr5tzZQ8c7y7aBgZbjfbd0fjFwQ==
  dependencies:
    tweetnacl "1.x.x"

es5-ext@^0.10.35, es5-ext@^0.10.50:
  version "0.10.53"
  resolved "https://registry.yarnpkg.com/es5-ext/-/es5-ext-0.10.53.tgz#93c5a3acfdbef275220ad72644ad02ee18368de1"
  integrity sha512-Xs2Stw6NiNHWypzRTY1MtaG/uJlwCk8kH81920ma8mvN8Xq1gsfhZvpkImLQArw8AHnv8MT2I45J3c0R8slE+Q==
  dependencies:
    es6-iterator "~2.0.3"
    es6-symbol "~3.1.3"
    next-tick "~1.0.0"

es6-iterator@~2.0.3:
  version "2.0.3"
  resolved "https://registry.yarnpkg.com/es6-iterator/-/es6-iterator-2.0.3.tgz#a7de889141a05a94b0854403b2d0a0fbfa98f3b7"
  integrity sha1-p96IkUGgWpSwhUQDstCg+/qY87c=
  dependencies:
    d "1"
    es5-ext "^0.10.35"
    es6-symbol "^3.1.1"

es6-symbol@^3.1.1, es6-symbol@~3.1.3:
  version "3.1.3"
  resolved "https://registry.yarnpkg.com/es6-symbol/-/es6-symbol-3.1.3.tgz#bad5d3c1bcdac28269f4cb331e431c78ac705d18"
  integrity sha512-NJ6Yn3FuDinBaBRWl/q5X/s4koRHBrgKAu+yGI6JCBeiu3qrcbJhwT2GeR/EXVfylRk8dpQVJoLEFhK+Mu31NA==
  dependencies:
    d "^1.0.1"
    ext "^1.1.2"

eventemitter3@^4.0.7:
  version "4.0.7"
  resolved "https://registry.yarnpkg.com/eventemitter3/-/eventemitter3-4.0.7.tgz#2de9b68f6528d5644ef5c59526a1b4a07306169f"
  integrity sha512-8guHBZCwKnFhYdHr2ysuRWErTwhoN2X8XELRlrRwpmfeY2jjuUN4taQMsULKUVo1K4DvZl+0pgfyoysHxvmvEw==

ext@^1.1.2:
  version "1.6.0"
  resolved "https://registry.yarnpkg.com/ext/-/ext-1.6.0.tgz#3871d50641e874cc172e2b53f919842d19db4c52"
  integrity sha512-sdBImtzkq2HpkdRLtlLWDa6w4DX22ijZLKx8BMPUuKe1c5lbN6xwQDQCxSfxBQnHZ13ls/FH0MQZx/q/gr6FQg==
  dependencies:
    type "^2.5.0"

form-data@^3.0.0:
  version "3.0.1"
  resolved "https://registry.yarnpkg.com/form-data/-/form-data-3.0.1.tgz#ebd53791b78356a99af9a300d4282c4d5eb9755f"
  integrity sha512-RHkBKtLWUVwd7SqRIvCZMEvAMoGUp0XU+seQiZejj0COz3RI3hWP4sCv3gZWWLjJTd7rGwcsF5eKZGii0r/hbg==
  dependencies:
    asynckit "^0.4.0"
    combined-stream "^1.0.8"
    mime-types "^2.1.12"

ip-regex@^4.3.0:
  version "4.3.0"
  resolved "https://registry.yarnpkg.com/ip-regex/-/ip-regex-4.3.0.tgz#687275ab0f57fa76978ff8f4dddc8a23d5990db5"
  integrity sha512-B9ZWJxHHOHUhUjCPrMpLD4xEq35bUTClHM1S6CBU5ixQnkZmwipwgc96vAd7AAGM9TGHvJR+Uss+/Ak6UphK+Q==

is-typedarray@^1.0.0:
  version "1.0.0"
  resolved "https://registry.yarnpkg.com/is-typedarray/-/is-typedarray-1.0.0.tgz#e479c80858df0c1b11ddda6940f96011fcda4a9a"
  integrity sha1-5HnICFjfDBsR3dppQPlgEfzaSpo=

json-stringify-safe@^5.0.1:
  version "5.0.1"
  resolved "https://registry.yarnpkg.com/json-stringify-safe/-/json-stringify-safe-5.0.1.tgz#1296a2d58fd45f19a0f6ce01d65701e2c735b6eb"
  integrity sha1-Epai1Y/UXxmg9s4B1lcB4sc1tus=

lodash.set@^4.3.2:
  version "4.3.2"
  resolved "https://registry.yarnpkg.com/lodash.set/-/lodash.set-4.3.2.tgz#d8757b1da807dde24816b0d6a84bea1a76230b23"
  integrity sha1-2HV7HagH3eJIFrDWqEvqGnYjCyM=

mime-db@1.51.0:
  version "1.51.0"
  resolved "https://registry.yarnpkg.com/mime-db/-/mime-db-1.51.0.tgz#d9ff62451859b18342d960850dc3cfb77e63fb0c"
  integrity sha512-5y8A56jg7XVQx2mbv1lu49NR4dokRnhZYTtL+KGfaa27uq4pSTXkwQkFJl4pkRMyNFz/EtYDSkiiEHx3F7UN6g==

mime-types@^2.1.12:
  version "2.1.34"
  resolved "https://registry.yarnpkg.com/mime-types/-/mime-types-2.1.34.tgz#5a712f9ec1503511a945803640fafe09d3793c24"
  integrity sha512-6cP692WwGIs9XXdOO4++N+7qjqv0rqxxVvJ3VHPh/Sc9mVZcQP+ZGhkKiTvWMQRr2tbHkJP/Yn7Y0npb3ZBs4A==
  dependencies:
    mime-db "1.51.0"

mock-socket@^9.1.2:
  version "9.1.2"
  resolved "https://registry.yarnpkg.com/mock-socket/-/mock-socket-9.1.2.tgz#cce6cf2193aada937ba41de3288c5c1922fbd571"
  integrity sha512-XKZkCnQ9ISOlTnaPg4LYYSMj7+6i78HyadYzLA5JM4465ibLdjappZD9Csnqc3Tfzep/eEK/LCJ29BTaLHoB1A==

ms@2.0.0:
  version "2.0.0"
  resolved "https://registry.yarnpkg.com/ms/-/ms-2.0.0.tgz#5608aeadfc00be6c2901df5f9861788de0d597c8"
  integrity sha1-VgiurfwAvmwpAd9fmGF4jeDVl8g=

ms@2.1.2:
  version "2.1.2"
  resolved "https://registry.yarnpkg.com/ms/-/ms-2.1.2.tgz#d09d1f357b443f493382a8eb3ccd183872ae6009"
  integrity sha512-sGkPx+VjMtmA6MX27oA4FBFELFCZZ4S4XqeGOXCv68tT+jb3vk/RyaKWP0PTKyWtmLSM0b+adUTEvbs1PEaH2w==

next-tick@~1.0.0:
  version "1.0.0"
  resolved "https://registry.yarnpkg.com/next-tick/-/next-tick-1.0.0.tgz#ca86d1fe8828169b0120208e3dc8424b9db8342c"
  integrity sha1-yobR/ogoFpsBICCOPchCS524NCw=

nock@^13.2.4:
  version "13.2.4"
  resolved "https://registry.yarnpkg.com/nock/-/nock-13.2.4.tgz#43a309d93143ee5cdcca91358614e7bde56d20e1"
  integrity sha512-8GPznwxcPNCH/h8B+XZcKjYPXnUV5clOKCjAqyjsiqA++MpNx9E9+t8YPp0MbThO+KauRo7aZJ1WuIZmOrT2Ug==
  dependencies:
    debug "^4.1.0"
    json-stringify-safe "^5.0.1"
    lodash.set "^4.3.2"
    propagate "^2.0.0"

node-fetch@^2.6.7:
  version "2.6.7"
  resolved "https://registry.yarnpkg.com/node-fetch/-/node-fetch-2.6.7.tgz#24de9fba827e3b4ae44dc8b20256a379160052ad"
  integrity sha512-ZjMPFEfVx5j+y2yF35Kzx5sF7kDzxuDj6ziH4FFbOp87zKDZNx8yExJIb05OGF4Nlt9IHFIMBkRl41VdvcNdbQ==
  dependencies:
    whatwg-url "^5.0.0"

node-gyp-build@^4.3.0:
  version "4.3.0"
  resolved "https://registry.yarnpkg.com/node-gyp-build/-/node-gyp-build-4.3.0.tgz#9f256b03e5826150be39c764bf51e993946d71a3"
  integrity sha512-iWjXZvmboq0ja1pUGULQBexmxq8CV4xBhX7VDOTbL7ZR4FOowwY/VOtRxBN/yKxmdGoIp4j5ysNT4u3S2pDQ3Q==

propagate@^2.0.0:
  version "2.0.1"
  resolved "https://registry.yarnpkg.com/propagate/-/propagate-2.0.1.tgz#40cdedab18085c792334e64f0ac17256d38f9a45"
  integrity sha512-vGrhOavPSTz4QVNuBNdcNXePNdNMaO1xj9yBeH1ScQPjk/rhg9sSlCXPhMkFuaNNW/syTvYqsnbIJxMBfRbbag==

regenerator-runtime@^0.13.4:
  version "0.13.9"
  resolved "https://registry.yarnpkg.com/regenerator-runtime/-/regenerator-runtime-0.13.9.tgz#8925742a98ffd90814988d7566ad30ca3b263b52"
  integrity sha512-p3VT+cOEgxFsRRA9X4lkI1E+k2/CtnKtU4gcxyaCUreilL/vqI6CdZ3wxVUx3UOUg+gnUOQQcRI7BmSI656MYA==

rxjs@^7.5.5:
  version "7.5.5"
  resolved "https://registry.yarnpkg.com/rxjs/-/rxjs-7.5.5.tgz#2ebad89af0f560f460ad5cc4213219e1f7dd4e9f"
  integrity sha512-sy+H0pQofO95VDmFLzyaw9xNJU4KTRSwQIGM6+iG3SypAtCiLDzpeG8sJrNCWn2Up9km+KhkvTdbkrdy+yzZdw==
  dependencies:
    tslib "^2.1.0"

tr46@~0.0.3:
  version "0.0.3"
  resolved "https://registry.yarnpkg.com/tr46/-/tr46-0.0.3.tgz#8184fd347dac9cdc185992f3a6622e14b9d9ab6a"
  integrity sha1-gYT9NH2snNwYWZLzpmIuFLnZq2o=

tslib@^2.1.0:
  version "2.3.1"
  resolved "https://registry.yarnpkg.com/tslib/-/tslib-2.3.1.tgz#e8a335add5ceae51aa261d32a490158ef042ef01"
  integrity sha512-77EbyPPpMz+FRFRuAFlWMtmgUWGe9UOG2Z25NqCwiIjRhOf5iKGuzSe5P2w1laq+FkRy4p+PCuVkJSGkzTEKVw==

tweetnacl@1.x.x, tweetnacl@^1.0.3:
  version "1.0.3"
  resolved "https://registry.yarnpkg.com/tweetnacl/-/tweetnacl-1.0.3.tgz#ac0af71680458d8a6378d0d0d050ab1407d35596"
  integrity sha512-6rt+RN7aOi1nGMyC4Xa5DdYiukl2UWCbcJft7YhxReBGQD7OAM8Pbxw6YMo4r2diNEA8FEmu32YOn9rhaiE5yw==

type@^1.0.1:
  version "1.2.0"
  resolved "https://registry.yarnpkg.com/type/-/type-1.2.0.tgz#848dd7698dafa3e54a6c479e759c4bc3f18847a0"
  integrity sha512-+5nt5AAniqsCnu2cEQQdpzCAh33kVx8n0VoFidKpB1dVVLAN/F+bgVOqOJqOnEnrhp222clB5p3vUlD+1QAnfg==

type@^2.5.0:
  version "2.5.0"
  resolved "https://registry.yarnpkg.com/type/-/type-2.5.0.tgz#0a2e78c2e77907b252abe5f298c1b01c63f0db3d"
  integrity sha512-180WMDQaIMm3+7hGXWf12GtdniDEy7nYcyFMKJn/eZz/6tSLXrUN9V0wKSbMjej0I1WHWbpREDEKHtqPQa9NNw==

typedarray-to-buffer@^3.1.5:
  version "3.1.5"
  resolved "https://registry.yarnpkg.com/typedarray-to-buffer/-/typedarray-to-buffer-3.1.5.tgz#a97ee7a9ff42691b9f783ff1bc5112fe3fca9080"
  integrity sha512-zdu8XMNEDepKKR+XYOXAVPtWui0ly0NtohUscw+UmaHiAWT8hrV1rr//H6V+0DvJ3OQ19S979M0laLfX8rm82Q==
  dependencies:
    is-typedarray "^1.0.0"

typescript@^4.3.5:
  version "4.5.4"
  resolved "https://registry.yarnpkg.com/typescript/-/typescript-4.5.4.tgz#a17d3a0263bf5c8723b9c52f43c5084edf13c2e8"
  integrity sha512-VgYs2A2QIRuGphtzFV7aQJduJ2gyfTljngLzjpfW9FoYZF6xuw1W0vW9ghCKLfcWrCFxK81CSGRAvS1pn4fIUg==

utf-8-validate@^5.0.2:
  version "5.0.8"
  resolved "https://registry.yarnpkg.com/utf-8-validate/-/utf-8-validate-5.0.8.tgz#4a735a61661dbb1c59a0868c397d2fe263f14e58"
  integrity sha512-k4dW/Qja1BYDl2qD4tOMB9PFVha/UJtxTc1cXYOe3WwA/2m0Yn4qB7wLMpJyLJ/7DR0XnTut3HsCSzDT4ZvKgA==
  dependencies:
    node-gyp-build "^4.3.0"

webidl-conversions@^3.0.0:
  version "3.0.1"
  resolved "https://registry.yarnpkg.com/webidl-conversions/-/webidl-conversions-3.0.1.tgz#24534275e2a7bc6be7bc86611cc16ae0a5654871"
  integrity sha1-JFNCdeKnvGvnvIZhHMFq4KVlSHE=

websocket@^1.0.34:
  version "1.0.34"
  resolved "https://registry.yarnpkg.com/websocket/-/websocket-1.0.34.tgz#2bdc2602c08bf2c82253b730655c0ef7dcab3111"
  integrity sha512-PRDso2sGwF6kM75QykIesBijKSVceR6jL2G8NGYyq2XrItNC2P5/qL5XeR056GhA+Ly7JMFvJb9I312mJfmqnQ==
  dependencies:
    bufferutil "^4.0.1"
    debug "^2.2.0"
    es5-ext "^0.10.50"
    typedarray-to-buffer "^3.1.5"
    utf-8-validate "^5.0.2"
    yaeti "^0.0.6"

whatwg-url@^5.0.0:
  version "5.0.0"
  resolved "https://registry.yarnpkg.com/whatwg-url/-/whatwg-url-5.0.0.tgz#966454e8765462e37644d3626f6742ce8b70965d"
  integrity sha1-lmRU6HZUYuN2RNNib2dCzotwll0=
  dependencies:
    tr46 "~0.0.3"
    webidl-conversions "^3.0.0"

yaeti@^0.0.6:
  version "0.0.6"
  resolved "https://registry.yarnpkg.com/yaeti/-/yaeti-0.0.6.tgz#f26f484d72684cf42bedfb76970aa1608fbf9577"
  integrity sha1-8m9ITXJoTPQr7ft2lwqhYI+/lXc=
