# THIS IS AN AUTOGENERATED FILE. DO NOT EDIT THIS FILE DIRECTLY.
# yarn lockfile v1


"@babel/runtime@^7.16.3", "@babel/runtime@^7.16.5", "@babel/runtime@^7.16.7":
  version "7.16.7"
  resolved "https://registry.yarnpkg.com/@babel/runtime/-/runtime-7.16.7.tgz#03ff99f64106588c9c403c6ecb8c3bafbbdff1fa"
  integrity sha512-9E9FJowqAsytyOY6LG+1KuueckRL+aQW+mKvXRXnuFGyRAyepJPmEo9vgMfXUA6O9u3IeEdv9MAkppFcaQwogQ==
  dependencies:
    regenerator-runtime "^0.13.4"

"@noble/hashes@^0.4.5":
  version "0.4.5"
  resolved "https://registry.yarnpkg.com/@noble/hashes/-/hashes-0.4.5.tgz#f69a963b0c59c1145bc5aca1f3eef58a48bf9a59"
  integrity sha512-oK/2b9gHb1CfiFwpPHQs010WgROn4ioilT7TFwxMVwuDaXEJP3QPhyedYbOpgM4JDBgT9n5gaispBQlkaAgT6g==

"@noble/secp256k1@^1.3.4":
  version "1.3.4"
  resolved "https://registry.yarnpkg.com/@noble/secp256k1/-/secp256k1-1.3.4.tgz#158ded712d09237c0d3428be60dc01ce8ebab9fb"
  integrity sha512-ZVRouDO5mbdCiDg4zCd3ZZABduRtpy4tCnB33Gh9upHe9tRzpiqbRSN1VTjrj/2g8u2c6MBi0YLNnNQpBYOiWg==

"@polkadot/api-augment@7.2.1":
  version "7.2.1"
  resolved "https://registry.yarnpkg.com/@polkadot/api-augment/-/api-augment-7.2.1.tgz#e37e1d3fbcd54107f08398d6e9fa940967d7f26f"
  integrity sha512-h4xNlfpXVzhV5IiebSltxcnEYRv2itw1AelnZl31tdyDDqAMYRSzLf/HKE5x31KWJUnwzutFao5KobSSmGSpOQ==
  dependencies:
    "@babel/runtime" "^7.16.7"
    "@polkadot/api-base" "7.2.1"
    "@polkadot/rpc-augment" "7.2.1"
    "@polkadot/types" "7.2.1"
    "@polkadot/types-augment" "7.2.1"
    "@polkadot/types-codec" "7.2.1"
    "@polkadot/util" "^8.2.2"

"@polkadot/api-base@7.2.1":
  version "7.2.1"
  resolved "https://registry.yarnpkg.com/@polkadot/api-base/-/api-base-7.2.1.tgz#f282526863985db7c12fdbfc7aa97ebe57301de7"
  integrity sha512-jrhGHHxu5LDTpK8336FRm6MZh4nlJOA/1T6PVKsXFNjR61uDxIv9eDvSbIBfdCx3w+xK4J9y3H1h4LUK/SGTaw==
  dependencies:
    "@babel/runtime" "^7.16.7"
    "@polkadot/rpc-core" "7.2.1"
    "@polkadot/types" "7.2.1"
    "@polkadot/util" "^8.2.2"
    rxjs "^7.5.1"

"@polkadot/api-derive@7.2.1":
  version "7.2.1"
  resolved "https://registry.yarnpkg.com/@polkadot/api-derive/-/api-derive-7.2.1.tgz#5b33d7e503e3c16d1efd6d20e267684c7d57d390"
  integrity sha512-dI0YyqCjIGsdu5KcrIS87RVQ+9KLIiWunjo9Om1W8WchqXKMhR2vuXE3TNqZO9V3+p7eyYqZP04wAejPKPfXzQ==
  dependencies:
    "@babel/runtime" "^7.16.7"
    "@polkadot/api" "7.2.1"
    "@polkadot/api-augment" "7.2.1"
    "@polkadot/api-base" "7.2.1"
    "@polkadot/rpc-core" "7.2.1"
    "@polkadot/types" "7.2.1"
    "@polkadot/types-codec" "7.2.1"
    "@polkadot/util" "^8.2.2"
    "@polkadot/util-crypto" "^8.2.2"
    rxjs "^7.5.1"

"@polkadot/api@7.2.1", "@polkadot/api@^7.2.1":
  version "7.2.1"
  resolved "https://registry.yarnpkg.com/@polkadot/api/-/api-7.2.1.tgz#7ef5ea55521f0a701d02b6eefbeb24ceeef58e76"
  integrity sha512-Efxc6j6TGKYJpfVIIo8UpjAE/rNfPi+pbYXs9ByPRO9o+Tl5zcatRtdxCtFW3I+mvOObfpsedeXajZXcSFp9dw==
  dependencies:
    "@babel/runtime" "^7.16.7"
    "@polkadot/api-augment" "7.2.1"
    "@polkadot/api-base" "7.2.1"
    "@polkadot/api-derive" "7.2.1"
    "@polkadot/keyring" "^8.2.2"
    "@polkadot/rpc-augment" "7.2.1"
    "@polkadot/rpc-core" "7.2.1"
    "@polkadot/rpc-provider" "7.2.1"
    "@polkadot/types" "7.2.1"
    "@polkadot/types-augment" "7.2.1"
    "@polkadot/types-codec" "7.2.1"
    "@polkadot/types-create" "7.2.1"
    "@polkadot/types-known" "7.2.1"
    "@polkadot/util" "^8.2.2"
    "@polkadot/util-crypto" "^8.2.2"
    eventemitter3 "^4.0.7"
    rxjs "^7.5.1"

"@polkadot/keyring@^8.2.2":
  version "8.2.2"
  resolved "https://registry.yarnpkg.com/@polkadot/keyring/-/keyring-8.2.2.tgz#7c5abaca88e8fa1a16c90be8fe74c1813c28997c"
  integrity sha512-GK8puQVtQJ67sVyq0WIWHPeRXfIcqz2ztgRHnGP4JEptS9NSFByQNq1EEpQnEUZwXu9CQfHz90eiLZc1BpC8lQ==
  dependencies:
    "@babel/runtime" "^7.16.5"
    "@polkadot/util" "8.2.2"
    "@polkadot/util-crypto" "8.2.2"

"@polkadot/networks@8.2.2", "@polkadot/networks@^8.2.2":
  version "8.2.2"
  resolved "https://registry.yarnpkg.com/@polkadot/networks/-/networks-8.2.2.tgz#75a0f4ffd13d790a0990cdb0ff0a251377104a46"
  integrity sha512-PshHrf5wBXib63l03YISnHMf5/fS1/Jv2rEN58EgYy9VK87HBXjT7qQ1Ea/d1cFI2EmfEDvhFsP+u3i6AlejQQ==
  dependencies:
    "@babel/runtime" "^7.16.5"

"@polkadot/rpc-augment@7.2.1":
  version "7.2.1"
  resolved "https://registry.yarnpkg.com/@polkadot/rpc-augment/-/rpc-augment-7.2.1.tgz#6ec34b963892807c7e946a532bdf6b8f4bee61e7"
  integrity sha512-h7SCq6VDvH73fYBrP2NWoeK1gaUQ5prW7uP6LgssC7iDY+qyvTT8/0X1bRqA5rP4ZFkj5evDEnrrijdzpZmgjQ==
  dependencies:
    "@babel/runtime" "^7.16.7"
    "@polkadot/rpc-core" "7.2.1"
    "@polkadot/types" "7.2.1"
    "@polkadot/types-codec" "7.2.1"
    "@polkadot/util" "^8.2.2"

"@polkadot/rpc-core@7.2.1":
  version "7.2.1"
  resolved "https://registry.yarnpkg.com/@polkadot/rpc-core/-/rpc-core-7.2.1.tgz#a836c2cdc4891a5cbea4c75df8078c5f3efe7f7c"
  integrity sha512-2u43tYeH8HLSG/vZYA+CtdMtguCsidCNATccVAwNpL0cX6sKg/qh1lFaMQMBb2ubJuOa76CdL4uIZOtvK69vhg==
  dependencies:
    "@babel/runtime" "^7.16.7"
    "@polkadot/rpc-augment" "7.2.1"
    "@polkadot/rpc-provider" "7.2.1"
    "@polkadot/types" "7.2.1"
    "@polkadot/util" "^8.2.2"
    rxjs "^7.5.1"

"@polkadot/rpc-provider@7.2.1":
  version "7.2.1"
  resolved "https://registry.yarnpkg.com/@polkadot/rpc-provider/-/rpc-provider-7.2.1.tgz#d7ee9d9a2f8954f4e6943de4279ea73b68f1f7a5"
  integrity sha512-4JOPJx04xdzolBV18qKK1jOoE7/9kuN8qeFTnH9sVuNmIti/FcUc65Gq3xYrhj6Hcye68gSG0lhNHUU/9BZ0WA==
  dependencies:
    "@babel/runtime" "^7.16.7"
    "@polkadot/keyring" "^8.2.2"
    "@polkadot/types" "7.2.1"
    "@polkadot/types-support" "7.2.1"
    "@polkadot/util" "^8.2.2"
    "@polkadot/util-crypto" "^8.2.2"
    "@polkadot/x-fetch" "^8.2.2"
    "@polkadot/x-global" "^8.2.2"
    "@polkadot/x-ws" "^8.2.2"
    eventemitter3 "^4.0.7"
    mock-socket "^9.0.8"
    nock "^13.2.1"

"@polkadot/types-augment@7.2.1":
  version "7.2.1"
  resolved "https://registry.yarnpkg.com/@polkadot/types-augment/-/types-augment-7.2.1.tgz#5f5ec562c5d132ba37e56dbbd51b75790c2d42b0"
  integrity sha512-U024cLuEB0QcUR5zuSNVlydFBIVd5hxM/TOoM/AjXttn67BTqdLNBThjLjSdKI9mra9dLCImtDjRGx1f7XQp2w==
  dependencies:
    "@babel/runtime" "^7.16.7"
    "@polkadot/types" "7.2.1"
    "@polkadot/types-codec" "7.2.1"
    "@polkadot/util" "^8.2.2"

"@polkadot/types-codec@7.2.1":
  version "7.2.1"
  resolved "https://registry.yarnpkg.com/@polkadot/types-codec/-/types-codec-7.2.1.tgz#2fd7719c3f49e1d48cd57b3e661a583b3973da09"
  integrity sha512-on/C8Y5oEPSLC3FbB0VBDqGtqWCX9MDaLqDgQVabu+sK/uMYUAAay7uBXJ9EDwruf/P72Fnxhj7vGGFdSljT8w==
  dependencies:
    "@babel/runtime" "^7.16.7"
    "@polkadot/util" "^8.2.2"

"@polkadot/types-create@7.2.1":
  version "7.2.1"
  resolved "https://registry.yarnpkg.com/@polkadot/types-create/-/types-create-7.2.1.tgz#c4486e33a1bcfc6946ab9eba154be22f432a4b31"
  integrity sha512-ahgdgsRvKJVmQtvnujPQ3UGVca8Dy69Xwm+OcNrP1coK21qhxagBYLct4v7VIaRInVOScRiWBrfxt/VmrVhOyw==
  dependencies:
    "@babel/runtime" "^7.16.7"
    "@polkadot/types-codec" "7.2.1"
    "@polkadot/util" "^8.2.2"

"@polkadot/types-known@7.2.1":
  version "7.2.1"
  resolved "https://registry.yarnpkg.com/@polkadot/types-known/-/types-known-7.2.1.tgz#faebe9c2e8b0cc5b30464ba76047d2dd8860933f"
  integrity sha512-MRmBCJUdNVOSSwP9UeOLM/kVY7T4MuwV8VTOCQ5lvLL4itnCbHuePAZR/ks4lHbTqmw+LC1WpSsQTZJM+FDRJw==
  dependencies:
    "@babel/runtime" "^7.16.7"
    "@polkadot/networks" "^8.2.2"
    "@polkadot/types" "7.2.1"
    "@polkadot/types-codec" "7.2.1"
    "@polkadot/types-create" "7.2.1"
    "@polkadot/util" "^8.2.2"

"@polkadot/types-support@7.2.1":
  version "7.2.1"
  resolved "https://registry.yarnpkg.com/@polkadot/types-support/-/types-support-7.2.1.tgz#16f6655cc71c82ed5d6e2dd3b21440898f4fe917"
  integrity sha512-Ach6+Xf3vtkAH/Cgdu8bti9WWgpLN/LI51AlrTfHWPn7IYjrMmgIyqvy8UYoBnOFjFljVxtqMIYL+sU0Vtbg8g==
  dependencies:
    "@babel/runtime" "^7.16.7"
    "@polkadot/util" "^8.2.2"

"@polkadot/types@7.2.1", "@polkadot/types@^7.2.1":
  version "7.2.1"
  resolved "https://registry.yarnpkg.com/@polkadot/types/-/types-7.2.1.tgz#b8b1d8a8c38fad979df00ff20e3724d52328edfb"
  integrity sha512-9LDi13JjULcCMMRM8lHcQm/qlEoh+nebqBd1k3f1jbbLnhV0ddTFp1s/ldkbpeL4eXIIV2E3+uENfuTcDdEruQ==
  dependencies:
    "@babel/runtime" "^7.16.7"
    "@polkadot/keyring" "^8.2.2"
    "@polkadot/types-augment" "7.2.1"
    "@polkadot/types-codec" "7.2.1"
    "@polkadot/types-create" "7.2.1"
    "@polkadot/util" "^8.2.2"
    "@polkadot/util-crypto" "^8.2.2"
    rxjs "^7.5.1"

"@polkadot/util-crypto@8.2.2", "@polkadot/util-crypto@^8.2.2":
  version "8.2.2"
  resolved "https://registry.yarnpkg.com/@polkadot/util-crypto/-/util-crypto-8.2.2.tgz#ccc5e5abec2431622dd5a2a885286633c2deb371"
  integrity sha512-bKFE6j1q2Dnz1o1QFvhX2QzkMLi9QHU4a5T7+El5J7OsOxGqssMAVHAmB+YoAuSLqPSQBmZa9CN23IiuJnfsbw==
  dependencies:
    "@babel/runtime" "^7.16.5"
    "@noble/hashes" "^0.4.5"
    "@noble/secp256k1" "^1.3.4"
    "@polkadot/networks" "8.2.2"
    "@polkadot/util" "8.2.2"
    "@polkadot/wasm-crypto" "^4.5.1"
    "@polkadot/x-bigint" "8.2.2"
    "@polkadot/x-randomvalues" "8.2.2"
    ed2curve "^0.3.0"
    micro-base "^0.10.0"
    tweetnacl "^1.0.3"

"@polkadot/util@8.2.2", "@polkadot/util@^8.2.2":
  version "8.2.2"
  resolved "https://registry.yarnpkg.com/@polkadot/util/-/util-8.2.2.tgz#e3b30b90ade18032a28ac237dfa939adce43f2f4"
  integrity sha512-tiHe0rcQvofd3vUVCRmvfULAv9yBG7s/huv1ZLVY/JGT1JBDonc1HWU3Vdb5MvWpx2R+HHv19ORHyD/LiROE9A==
  dependencies:
    "@babel/runtime" "^7.16.5"
    "@polkadot/x-bigint" "8.2.2"
    "@polkadot/x-global" "8.2.2"
    "@polkadot/x-textdecoder" "8.2.2"
    "@polkadot/x-textencoder" "8.2.2"
    "@types/bn.js" "^4.11.6"
    bn.js "^4.12.0"
    ip-regex "^4.3.0"

"@polkadot/wasm-crypto-asmjs@^4.5.1":
  version "4.5.1"
  resolved "https://registry.yarnpkg.com/@polkadot/wasm-crypto-asmjs/-/wasm-crypto-asmjs-4.5.1.tgz#e1025a49e106db11d1187caf65f56c960ea2ad2b"
  integrity sha512-DOdRiWhxVvmqTvp+E9z1j+Yr0zDOGsDvqnT/eNw0Dl1FVUOImsEa7FKns/urASmcxCVEE1jtUWSnij29jrORMQ==
  dependencies:
    "@babel/runtime" "^7.16.3"

"@polkadot/wasm-crypto-wasm@^4.5.1":
  version "4.5.1"
  resolved "https://registry.yarnpkg.com/@polkadot/wasm-crypto-wasm/-/wasm-crypto-wasm-4.5.1.tgz#063a58ff7ddd939b7886a6a238109a8d2c416e46"
  integrity sha512-hPwke85HxpgG/RAlwdCE8u5w7bThvWg399mlB+XjogXMxOUWBZSgq2XYbgzROUXx27inK9nStF4Pnc4zJnqs9A==
  dependencies:
    "@babel/runtime" "^7.16.3"

"@polkadot/wasm-crypto@^4.5.1":
  version "4.5.1"
  resolved "https://registry.yarnpkg.com/@polkadot/wasm-crypto/-/wasm-crypto-4.5.1.tgz#e1ac6d846a0ad8e991cec128994524183ef6e8fd"
  integrity sha512-Cr21ais3Kq3aedIHZ3J1tjgeD/+K8FCiwEawr0oRywNBSJR8wyuZMePs4swR/6xm8wbBkpqoBVHz/UQHqqQJmA==
  dependencies:
    "@babel/runtime" "^7.16.3"
    "@polkadot/wasm-crypto-asmjs" "^4.5.1"
    "@polkadot/wasm-crypto-wasm" "^4.5.1"

"@polkadot/x-bigint@8.2.2":
  version "8.2.2"
  resolved "https://registry.yarnpkg.com/@polkadot/x-bigint/-/x-bigint-8.2.2.tgz#24f4e1b889a1ee899ac9c98fee526e44e2130c14"
  integrity sha512-fX3o3FhfQNxdpA5PV4L9PrjjSKG2ZmfFOfv3TrKwsDNtZMktDDcpmW3up53LJ53FszB/WHH6WwKsehmcqAYDIw==
  dependencies:
    "@babel/runtime" "^7.16.5"
    "@polkadot/x-global" "8.2.2"

"@polkadot/x-fetch@^8.2.2":
  version "8.2.2"
  resolved "https://registry.yarnpkg.com/@polkadot/x-fetch/-/x-fetch-8.2.2.tgz#33cf2993fe93b9013302a8fdd328295a9eb8a3ae"
  integrity sha512-ou8d1Ccf7lt7mssr64ixXYIWOZ4I4ED5sYBeFZg7BJB+MsZnuDOVvuMlItQWh01phMCOxtHWowmh+gOI4w5IWA==
  dependencies:
    "@babel/runtime" "^7.16.5"
    "@polkadot/x-global" "8.2.2"
    "@types/node-fetch" "^2.5.12"
    node-fetch "^2.6.6"

"@polkadot/x-global@8.2.2", "@polkadot/x-global@^8.2.2":
  version "8.2.2"
  resolved "https://registry.yarnpkg.com/@polkadot/x-global/-/x-global-8.2.2.tgz#0640ba4b52df445d50b0ae1aab08327a3dd2f08f"
  integrity sha512-eTJ6edgoIKzjfdYN3Y6ZuJUGRAAc8Uc5X8r4/1QmhOy427QbfRKRL/cbcLat1XbyM52aplOvZf31KXTAkMREdQ==
  dependencies:
    "@babel/runtime" "^7.16.5"

"@polkadot/x-randomvalues@8.2.2":
  version "8.2.2"
  resolved "https://registry.yarnpkg.com/@polkadot/x-randomvalues/-/x-randomvalues-8.2.2.tgz#32eb424a642c19c8d7ce3be8713061a1a0003efd"
  integrity sha512-v3dx0xvWHd5t6e41Fte63WFX/t1Fu9ug3tOr/QE6yMFrDSeDW9TzFJKklakc0tXryqW0cL4qZzUdSvguGC2TPA==
  dependencies:
    "@babel/runtime" "^7.16.5"
    "@polkadot/x-global" "8.2.2"

"@polkadot/x-textdecoder@8.2.2":
  version "8.2.2"
  resolved "https://registry.yarnpkg.com/@polkadot/x-textdecoder/-/x-textdecoder-8.2.2.tgz#e6b161ff3d1f8e55aac2de1bc855d1d2d482d6e3"
  integrity sha512-HQ/pSl4FREnxK0V7nvEdTwI08Erh6KPLwHZ0rSfUJKVDZ+NwfeW4BW/8xCEJOQIRB948Dqerl0XjEn4xCA+OPg==
  dependencies:
    "@babel/runtime" "^7.16.5"
    "@polkadot/x-global" "8.2.2"

"@polkadot/x-textencoder@8.2.2":
  version "8.2.2"
  resolved "https://registry.yarnpkg.com/@polkadot/x-textencoder/-/x-textencoder-8.2.2.tgz#b18c9360d7b311619cf91df4c2af67f0824498a4"
  integrity sha512-ZAOwYi/y1wRYb3WoWZMDfYPrmbPSasog2uknt8p9u2WELrrfj4zF/fRnSuMjLUNtvJuKSzj4LUCKHwTY+peSrQ==
  dependencies:
    "@babel/runtime" "^7.16.5"
    "@polkadot/x-global" "8.2.2"

"@polkadot/x-ws@^8.2.2":
  version "8.2.2"
  resolved "https://registry.yarnpkg.com/@polkadot/x-ws/-/x-ws-8.2.2.tgz#c05b21a433ce22ecee61383630fc9acd03dd3312"
  integrity sha512-qsHzmtoFXIN59qKSkycxQ3GGyzUMlvhl+d7yU1NMaoOudJGfniTbIcDFPtee27Ydamb1DwBvkRbKw5IO8Domdg==
  dependencies:
    "@babel/runtime" "^7.16.5"
    "@polkadot/x-global" "8.2.2"
    "@types/websocket" "^1.0.4"
    websocket "^1.0.34"

"@types/bn.js@^4.11.6":
  version "4.11.6"
  resolved "https://registry.yarnpkg.com/@types/bn.js/-/bn.js-4.11.6.tgz#c306c70d9358aaea33cd4eda092a742b9505967c"
  integrity sha512-pqr857jrp2kPuO9uRjZ3PwnJTjoQy+fcdxvBTvHm6dkmEL9q+hDD/2j/0ELOBPtPnS8LjCX0gI9nbl8lVkadpg==
  dependencies:
    "@types/node" "*"

"@types/node-fetch@^2.5.12":
  version "2.5.12"
  resolved "https://registry.yarnpkg.com/@types/node-fetch/-/node-fetch-2.5.12.tgz#8a6f779b1d4e60b7a57fb6fd48d84fb545b9cc66"
  integrity sha512-MKgC4dlq4kKNa/mYrwpKfzQMB5X3ee5U6fSprkKpToBqBmX4nFZL9cW5jl6sWn+xpRJ7ypWh2yyqqr8UUCstSw==
  dependencies:
    "@types/node" "*"
    form-data "^3.0.0"

"@types/node@*":
  version "17.0.8"
  resolved "https://registry.yarnpkg.com/@types/node/-/node-17.0.8.tgz#50d680c8a8a78fe30abe6906453b21ad8ab0ad7b"
  integrity sha512-YofkM6fGv4gDJq78g4j0mMuGMkZVxZDgtU0JRdx6FgiJDG+0fY0GKVolOV8WqVmEhLCXkQRjwDdKyPxJp/uucg==

"@types/websocket@^1.0.4":
  version "1.0.4"
  resolved "https://registry.yarnpkg.com/@types/websocket/-/websocket-1.0.4.tgz#1dc497280d8049a5450854dd698ee7e6ea9e60b8"
  integrity sha512-qn1LkcFEKK8RPp459jkjzsfpbsx36BBt3oC3pITYtkoBw/aVX+EZFa5j3ThCRTNpLFvIMr5dSTD4RaMdilIOpA==
  dependencies:
    "@types/node" "*"

asynckit@^0.4.0:
  version "0.4.0"
  resolved "https://registry.yarnpkg.com/asynckit/-/asynckit-0.4.0.tgz#c79ed97f7f34cb8f2ba1bc9790bcc366474b4b79"
  integrity sha1-x57Zf380y48robyXkLzDZkdLS3k=

bn.js@^4.12.0:
  version "4.12.0"
  resolved "https://registry.yarnpkg.com/bn.js/-/bn.js-4.12.0.tgz#775b3f278efbb9718eec7361f483fb36fbbfea88"
  integrity sha512-c98Bf3tPniI+scsdk237ku1Dc3ujXQTSgyiPUDEOe7tRkhrqridvh8klBv0HCEso1OLOYcHuCv/cS6DNxKH+ZA==

bufferutil@^4.0.1:
  version "4.0.6"
  resolved "https://registry.yarnpkg.com/bufferutil/-/bufferutil-4.0.6.tgz#ebd6c67c7922a0e902f053e5d8be5ec850e48433"
  integrity sha512-jduaYOYtnio4aIAyc6UbvPCVcgq7nYpVnucyxr6eCYg/Woad9Hf/oxxBRDnGGjPfjUm6j5O/uBWhIu4iLebFaw==
  dependencies:
    node-gyp-build "^4.3.0"

combined-stream@^1.0.8:
  version "1.0.8"
  resolved "https://registry.yarnpkg.com/combined-stream/-/combined-stream-1.0.8.tgz#c3d45a8b34fd730631a110a8a2520682b31d5a7f"
  integrity sha512-FQN4MRfuJeHf7cBbBMJFXhKSDq+2kAArBlmRBvcvFE5BB1HZKXtSFASDhdlz9zOYwxh8lDdnvmMOe/+5cdoEdg==
  dependencies:
    delayed-stream "~1.0.0"

d@1, d@^1.0.1:
  version "1.0.1"
  resolved "https://registry.yarnpkg.com/d/-/d-1.0.1.tgz#8698095372d58dbee346ffd0c7093f99f8f9eb5a"
  integrity sha512-m62ShEObQ39CfralilEQRjH6oAMtNCV1xJyEx5LpRYUVN+EviphDgUc/F3hnYbADmkiNs67Y+3ylmlG7Lnu+FA==
  dependencies:
    es5-ext "^0.10.50"
    type "^1.0.1"

debug@^2.2.0:
  version "2.6.9"
  resolved "https://registry.yarnpkg.com/debug/-/debug-2.6.9.tgz#5d128515df134ff327e90a4c93f4e077a536341f"
  integrity sha512-bC7ElrdJaJnPbAP+1EotYvqZsb3ecl5wi6Bfi6BJTUcNowp6cvspg0jXznRTKDjm/E7AdgFBVeAPVMNcKGsHMA==
  dependencies:
    ms "2.0.0"

debug@^4.1.0:
  version "4.3.3"
  resolved "https://registry.yarnpkg.com/debug/-/debug-4.3.3.tgz#04266e0b70a98d4462e6e288e38259213332b664"
  integrity sha512-/zxw5+vh1Tfv+4Qn7a5nsbcJKPaSvCDhojn6FEl9vupwK2VCSDtEiEtqr8DFtzYFOdz63LBkxec7DYuc2jon6Q==
  dependencies:
    ms "2.1.2"

delayed-stream@~1.0.0:
  version "1.0.0"
  resolved "https://registry.yarnpkg.com/delayed-stream/-/delayed-stream-1.0.0.tgz#df3ae199acadfb7d440aaae0b29e2272b24ec619"
  integrity sha1-3zrhmayt+31ECqrgsp4icrJOxhk=

ed2curve@^0.3.0:
  version "0.3.0"
  resolved "https://registry.yarnpkg.com/ed2curve/-/ed2curve-0.3.0.tgz#322b575152a45305429d546b071823a93129a05d"
  integrity sha512-8w2fmmq3hv9rCrcI7g9hms2pMunQr1JINfcjwR9tAyZqhtyaMN991lF/ZfHfr5tzZQ8c7y7aBgZbjfbd0fjFwQ==
  dependencies:
    tweetnacl "1.x.x"

es5-ext@^0.10.35, es5-ext@^0.10.50:
  version "0.10.53"
  resolved "https://registry.yarnpkg.com/es5-ext/-/es5-ext-0.10.53.tgz#93c5a3acfdbef275220ad72644ad02ee18368de1"
  integrity sha512-Xs2Stw6NiNHWypzRTY1MtaG/uJlwCk8kH81920ma8mvN8Xq1gsfhZvpkImLQArw8AHnv8MT2I45J3c0R8slE+Q==
  dependencies:
    es6-iterator "~2.0.3"
    es6-symbol "~3.1.3"
    next-tick "~1.0.0"

es6-iterator@~2.0.3:
  version "2.0.3"
  resolved "https://registry.yarnpkg.com/es6-iterator/-/es6-iterator-2.0.3.tgz#a7de889141a05a94b0854403b2d0a0fbfa98f3b7"
  integrity sha1-p96IkUGgWpSwhUQDstCg+/qY87c=
  dependencies:
    d "1"
    es5-ext "^0.10.35"
    es6-symbol "^3.1.1"

es6-symbol@^3.1.1, es6-symbol@~3.1.3:
  version "3.1.3"
  resolved "https://registry.yarnpkg.com/es6-symbol/-/es6-symbol-3.1.3.tgz#bad5d3c1bcdac28269f4cb331e431c78ac705d18"
  integrity sha512-NJ6Yn3FuDinBaBRWl/q5X/s4koRHBrgKAu+yGI6JCBeiu3qrcbJhwT2GeR/EXVfylRk8dpQVJoLEFhK+Mu31NA==
  dependencies:
    d "^1.0.1"
    ext "^1.1.2"

eventemitter3@^4.0.7:
  version "4.0.7"
  resolved "https://registry.yarnpkg.com/eventemitter3/-/eventemitter3-4.0.7.tgz#2de9b68f6528d5644ef5c59526a1b4a07306169f"
  integrity sha512-8guHBZCwKnFhYdHr2ysuRWErTwhoN2X8XELRlrRwpmfeY2jjuUN4taQMsULKUVo1K4DvZl+0pgfyoysHxvmvEw==

ext@^1.1.2:
  version "1.6.0"
  resolved "https://registry.yarnpkg.com/ext/-/ext-1.6.0.tgz#3871d50641e874cc172e2b53f919842d19db4c52"
  integrity sha512-sdBImtzkq2HpkdRLtlLWDa6w4DX22ijZLKx8BMPUuKe1c5lbN6xwQDQCxSfxBQnHZ13ls/FH0MQZx/q/gr6FQg==
  dependencies:
    type "^2.5.0"

form-data@^3.0.0:
  version "3.0.1"
  resolved "https://registry.yarnpkg.com/form-data/-/form-data-3.0.1.tgz#ebd53791b78356a99af9a300d4282c4d5eb9755f"
  integrity sha512-RHkBKtLWUVwd7SqRIvCZMEvAMoGUp0XU+seQiZejj0COz3RI3hWP4sCv3gZWWLjJTd7rGwcsF5eKZGii0r/hbg==
  dependencies:
    asynckit "^0.4.0"
    combined-stream "^1.0.8"
    mime-types "^2.1.12"

ip-regex@^4.3.0:
  version "4.3.0"
  resolved "https://registry.yarnpkg.com/ip-regex/-/ip-regex-4.3.0.tgz#687275ab0f57fa76978ff8f4dddc8a23d5990db5"
  integrity sha512-B9ZWJxHHOHUhUjCPrMpLD4xEq35bUTClHM1S6CBU5ixQnkZmwipwgc96vAd7AAGM9TGHvJR+Uss+/Ak6UphK+Q==

is-typedarray@^1.0.0:
  version "1.0.0"
  resolved "https://registry.yarnpkg.com/is-typedarray/-/is-typedarray-1.0.0.tgz#e479c80858df0c1b11ddda6940f96011fcda4a9a"
  integrity sha1-5HnICFjfDBsR3dppQPlgEfzaSpo=

json-stringify-safe@^5.0.1:
  version "5.0.1"
  resolved "https://registry.yarnpkg.com/json-stringify-safe/-/json-stringify-safe-5.0.1.tgz#1296a2d58fd45f19a0f6ce01d65701e2c735b6eb"
  integrity sha1-Epai1Y/UXxmg9s4B1lcB4sc1tus=

lodash.set@^4.3.2:
  version "4.3.2"
  resolved "https://registry.yarnpkg.com/lodash.set/-/lodash.set-4.3.2.tgz#d8757b1da807dde24816b0d6a84bea1a76230b23"
  integrity sha1-2HV7HagH3eJIFrDWqEvqGnYjCyM=

micro-base@^0.10.0:
  version "0.10.2"
  resolved "https://registry.yarnpkg.com/micro-base/-/micro-base-0.10.2.tgz#f6f9f0bd949ce511883e5a99f9147d80ddc32f5a"
  integrity sha512-lqqJrT7lfJtDmmiQ4zRLZuIJBk96t0RAc5pCrrWpL9zDeH5i/SUL85mku9HqzTI/OCZ8EQ3aicbMW+eK5Nyu5w==

mime-db@1.51.0:
  version "1.51.0"
  resolved "https://registry.yarnpkg.com/mime-db/-/mime-db-1.51.0.tgz#d9ff62451859b18342d960850dc3cfb77e63fb0c"
  integrity sha512-5y8A56jg7XVQx2mbv1lu49NR4dokRnhZYTtL+KGfaa27uq4pSTXkwQkFJl4pkRMyNFz/EtYDSkiiEHx3F7UN6g==

mime-types@^2.1.12:
  version "2.1.34"
  resolved "https://registry.yarnpkg.com/mime-types/-/mime-types-2.1.34.tgz#5a712f9ec1503511a945803640fafe09d3793c24"
  integrity sha512-6cP692WwGIs9XXdOO4++N+7qjqv0rqxxVvJ3VHPh/Sc9mVZcQP+ZGhkKiTvWMQRr2tbHkJP/Yn7Y0npb3ZBs4A==
  dependencies:
    mime-db "1.51.0"

mock-socket@^9.0.8:
  version "9.0.8"
  resolved "https://registry.yarnpkg.com/mock-socket/-/mock-socket-9.0.8.tgz#af1486e5ebf6eed36843ad54bc2fba793fcd0666"
  integrity sha512-8Syqkaaa2SzRqW68DEsnZkKQicHP7hVzfj3uCvigB5TL79H1ljKbwmOcRIENkx0ZTyu/5W6u+Pk9Qy6JCp38Ww==

ms@2.0.0:
  version "2.0.0"
  resolved "https://registry.yarnpkg.com/ms/-/ms-2.0.0.tgz#5608aeadfc00be6c2901df5f9861788de0d597c8"
  integrity sha1-VgiurfwAvmwpAd9fmGF4jeDVl8g=

ms@2.1.2:
  version "2.1.2"
  resolved "https://registry.yarnpkg.com/ms/-/ms-2.1.2.tgz#d09d1f357b443f493382a8eb3ccd183872ae6009"
  integrity sha512-sGkPx+VjMtmA6MX27oA4FBFELFCZZ4S4XqeGOXCv68tT+jb3vk/RyaKWP0PTKyWtmLSM0b+adUTEvbs1PEaH2w==

next-tick@~1.0.0:
  version "1.0.0"
  resolved "https://registry.yarnpkg.com/next-tick/-/next-tick-1.0.0.tgz#ca86d1fe8828169b0120208e3dc8424b9db8342c"
  integrity sha1-yobR/ogoFpsBICCOPchCS524NCw=

nock@^13.2.1:
  version "13.2.1"
  resolved "https://registry.yarnpkg.com/nock/-/nock-13.2.1.tgz#fcf5bdb9bb9f0554a84c25d3333166c0ffd80858"
  integrity sha512-CoHAabbqq/xZEknubuyQMjq6Lfi5b7RtK6SoNK6m40lebGp3yiMagWtIoYaw2s9sISD7wPuCfwFpivVHX/35RA==
  dependencies:
    debug "^4.1.0"
    json-stringify-safe "^5.0.1"
    lodash.set "^4.3.2"
    propagate "^2.0.0"

node-fetch@^2.6.6:
  version "2.6.6"
  resolved "https://registry.yarnpkg.com/node-fetch/-/node-fetch-2.6.6.tgz#1751a7c01834e8e1697758732e9efb6eeadfaf89"
  integrity sha512-Z8/6vRlTUChSdIgMa51jxQ4lrw/Jy5SOW10ObaA47/RElsAN2c5Pn8bTgFGWn/ibwzXTE8qwr1Yzx28vsecXEA==
  dependencies:
    whatwg-url "^5.0.0"

node-gyp-build@^4.3.0:
  version "4.3.0"
  resolved "https://registry.yarnpkg.com/node-gyp-build/-/node-gyp-build-4.3.0.tgz#9f256b03e5826150be39c764bf51e993946d71a3"
  integrity sha512-iWjXZvmboq0ja1pUGULQBexmxq8CV4xBhX7VDOTbL7ZR4FOowwY/VOtRxBN/yKxmdGoIp4j5ysNT4u3S2pDQ3Q==

propagate@^2.0.0:
  version "2.0.1"
  resolved "https://registry.yarnpkg.com/propagate/-/propagate-2.0.1.tgz#40cdedab18085c792334e64f0ac17256d38f9a45"
  integrity sha512-vGrhOavPSTz4QVNuBNdcNXePNdNMaO1xj9yBeH1ScQPjk/rhg9sSlCXPhMkFuaNNW/syTvYqsnbIJxMBfRbbag==

regenerator-runtime@^0.13.4:
  version "0.13.9"
  resolved "https://registry.yarnpkg.com/regenerator-runtime/-/regenerator-runtime-0.13.9.tgz#8925742a98ffd90814988d7566ad30ca3b263b52"
  integrity sha512-p3VT+cOEgxFsRRA9X4lkI1E+k2/CtnKtU4gcxyaCUreilL/vqI6CdZ3wxVUx3UOUg+gnUOQQcRI7BmSI656MYA==

rxjs@^7.5.1:
  version "7.5.1"
  resolved "https://registry.yarnpkg.com/rxjs/-/rxjs-7.5.1.tgz#af73df343cbcab37628197f43ea0c8256f54b157"
  integrity sha512-KExVEeZWxMZnZhUZtsJcFwz8IvPvgu4G2Z2QyqjZQzUGr32KDYuSxrEYO4w3tFFNbfLozcrKUTvTPi+E9ywJkQ==
  dependencies:
    tslib "^2.1.0"

tr46@~0.0.3:
  version "0.0.3"
  resolved "https://registry.yarnpkg.com/tr46/-/tr46-0.0.3.tgz#8184fd347dac9cdc185992f3a6622e14b9d9ab6a"
  integrity sha1-gYT9NH2snNwYWZLzpmIuFLnZq2o=

tslib@^2.1.0:
  version "2.3.1"
  resolved "https://registry.yarnpkg.com/tslib/-/tslib-2.3.1.tgz#e8a335add5ceae51aa261d32a490158ef042ef01"
  integrity sha512-77EbyPPpMz+FRFRuAFlWMtmgUWGe9UOG2Z25NqCwiIjRhOf5iKGuzSe5P2w1laq+FkRy4p+PCuVkJSGkzTEKVw==

tweetnacl@1.x.x, tweetnacl@^1.0.3:
  version "1.0.3"
  resolved "https://registry.yarnpkg.com/tweetnacl/-/tweetnacl-1.0.3.tgz#ac0af71680458d8a6378d0d0d050ab1407d35596"
  integrity sha512-6rt+RN7aOi1nGMyC4Xa5DdYiukl2UWCbcJft7YhxReBGQD7OAM8Pbxw6YMo4r2diNEA8FEmu32YOn9rhaiE5yw==

type@^1.0.1:
  version "1.2.0"
  resolved "https://registry.yarnpkg.com/type/-/type-1.2.0.tgz#848dd7698dafa3e54a6c479e759c4bc3f18847a0"
  integrity sha512-+5nt5AAniqsCnu2cEQQdpzCAh33kVx8n0VoFidKpB1dVVLAN/F+bgVOqOJqOnEnrhp222clB5p3vUlD+1QAnfg==

type@^2.5.0:
  version "2.5.0"
  resolved "https://registry.yarnpkg.com/type/-/type-2.5.0.tgz#0a2e78c2e77907b252abe5f298c1b01c63f0db3d"
  integrity sha512-180WMDQaIMm3+7hGXWf12GtdniDEy7nYcyFMKJn/eZz/6tSLXrUN9V0wKSbMjej0I1WHWbpREDEKHtqPQa9NNw==

typedarray-to-buffer@^3.1.5:
  version "3.1.5"
  resolved "https://registry.yarnpkg.com/typedarray-to-buffer/-/typedarray-to-buffer-3.1.5.tgz#a97ee7a9ff42691b9f783ff1bc5112fe3fca9080"
  integrity sha512-zdu8XMNEDepKKR+XYOXAVPtWui0ly0NtohUscw+UmaHiAWT8hrV1rr//H6V+0DvJ3OQ19S979M0laLfX8rm82Q==
  dependencies:
    is-typedarray "^1.0.0"

typescript@^4.3.5:
  version "4.5.4"
  resolved "https://registry.yarnpkg.com/typescript/-/typescript-4.5.4.tgz#a17d3a0263bf5c8723b9c52f43c5084edf13c2e8"
  integrity sha512-VgYs2A2QIRuGphtzFV7aQJduJ2gyfTljngLzjpfW9FoYZF6xuw1W0vW9ghCKLfcWrCFxK81CSGRAvS1pn4fIUg==

utf-8-validate@^5.0.2:
  version "5.0.8"
  resolved "https://registry.yarnpkg.com/utf-8-validate/-/utf-8-validate-5.0.8.tgz#4a735a61661dbb1c59a0868c397d2fe263f14e58"
  integrity sha512-k4dW/Qja1BYDl2qD4tOMB9PFVha/UJtxTc1cXYOe3WwA/2m0Yn4qB7wLMpJyLJ/7DR0XnTut3HsCSzDT4ZvKgA==
  dependencies:
    node-gyp-build "^4.3.0"

webidl-conversions@^3.0.0:
  version "3.0.1"
  resolved "https://registry.yarnpkg.com/webidl-conversions/-/webidl-conversions-3.0.1.tgz#24534275e2a7bc6be7bc86611cc16ae0a5654871"
  integrity sha1-JFNCdeKnvGvnvIZhHMFq4KVlSHE=

websocket@^1.0.34:
  version "1.0.34"
  resolved "https://registry.yarnpkg.com/websocket/-/websocket-1.0.34.tgz#2bdc2602c08bf2c82253b730655c0ef7dcab3111"
  integrity sha512-PRDso2sGwF6kM75QykIesBijKSVceR6jL2G8NGYyq2XrItNC2P5/qL5XeR056GhA+Ly7JMFvJb9I312mJfmqnQ==
  dependencies:
    bufferutil "^4.0.1"
    debug "^2.2.0"
    es5-ext "^0.10.50"
    typedarray-to-buffer "^3.1.5"
    utf-8-validate "^5.0.2"
    yaeti "^0.0.6"

whatwg-url@^5.0.0:
  version "5.0.0"
  resolved "https://registry.yarnpkg.com/whatwg-url/-/whatwg-url-5.0.0.tgz#966454e8765462e37644d3626f6742ce8b70965d"
  integrity sha1-lmRU6HZUYuN2RNNib2dCzotwll0=
  dependencies:
    tr46 "~0.0.3"
    webidl-conversions "^3.0.0"

yaeti@^0.0.6:
  version "0.0.6"
  resolved "https://registry.yarnpkg.com/yaeti/-/yaeti-0.0.6.tgz#f26f484d72684cf42bedfb76970aa1608fbf9577"
  integrity sha1-8m9ITXJoTPQr7ft2lwqhYI+/lXc=
